// !$*UTF8*$!
{
	archiveVersion = 1;
	classes = {
	};
	objectVersion = 46;
	objects = {

/* Begin PBXBuildFile section */
		3CF3F9B81B719A250005EA3D /* main.m in Sources */ = {isa = PBXBuildFile; fileRef = 3CF3F9B71B719A250005EA3D /* main.m */; };
		3CF3F9BB1B719A250005EA3D /* AppDelegate.m in Sources */ = {isa = PBXBuildFile; fileRef = 3CF3F9BA1B719A250005EA3D /* AppDelegate.m */; };
		3CF3F9BE1B719A250005EA3D /* ViewController.m in Sources */ = {isa = PBXBuildFile; fileRef = 3CF3F9BD1B719A250005EA3D /* ViewController.m */; };
		3CF3F9C11B719A250005EA3D /* Main.storyboard in Resources */ = {isa = PBXBuildFile; fileRef = 3CF3F9BF1B719A250005EA3D /* Main.storyboard */; };
		3CF3F9C31B719A250005EA3D /* Images.xcassets in Resources */ = {isa = PBXBuildFile; fileRef = 3CF3F9C21B719A250005EA3D /* Images.xcassets */; };
		3CF3F9C61B719A250005EA3D /* LaunchScreen.xib in Resources */ = {isa = PBXBuildFile; fileRef = 3CF3F9C41B719A250005EA3D /* LaunchScreen.xib */; };
		3CF3F9D21B719A250005EA3D /* BasicTests.m in Sources */ = {isa = PBXBuildFile; fileRef = 3CF3F9D11B719A250005EA3D /* BasicTests.m */; };
		3CF3F9DD1B719A470005EA3D /* LinkList.m in Sources */ = {isa = PBXBuildFile; fileRef = 3CF3F9DC1B719A470005EA3D /* LinkList.m */; };
/* End PBXBuildFile section */

/* Begin PBXContainerItemProxy section */
		3CF3F9CC1B719A250005EA3D /* PBXContainerItemProxy */ = {
			isa = PBXContainerItemProxy;
			containerPortal = 3CF3F9AA1B719A250005EA3D /* Project object */;
			proxyType = 1;
			remoteGlobalIDString = 3CF3F9B11B719A250005EA3D;
			remoteInfo = Basic;
		};
/* End PBXContainerItemProxy section */

/* Begin PBXFileReference section */
		3CF3F9B21B719A250005EA3D /* Basic.app */ = {isa = PBXFileReference; explicitFileType = wrapper.application; includeInIndex = 0; path = Basic.app; sourceTree = BUILT_PRODUCTS_DIR; };
		3CF3F9B61B719A250005EA3D /* Info.plist */ = {isa = PBXFileReference; lastKnownFileType = text.plist.xml; path = Info.plist; sourceTree = "<group>"; };
		3CF3F9B71B719A250005EA3D /* main.m */ = {isa = PBXFileReference; lastKnownFileType = sourcecode.c.objc; path = main.m; sourceTree = "<group>"; };
		3CF3F9B91B719A250005EA3D /* AppDelegate.h */ = {isa = PBXFileReference; lastKnownFileType = sourcecode.c.h; path = AppDelegate.h; sourceTree = "<group>"; };
		3CF3F9BA1B719A250005EA3D /* AppDelegate.m */ = {isa = PBXFileReference; lastKnownFileType = sourcecode.c.objc; path = AppDelegate.m; sourceTree = "<group>"; };
		3CF3F9BC1B719A250005EA3D /* ViewController.h */ = {isa = PBXFileReference; lastKnownFileType = sourcecode.c.h; path = ViewController.h; sourceTree = "<group>"; };
		3CF3F9BD1B719A250005EA3D /* ViewController.m */ = {isa = PBXFileReference; lastKnownFileType = sourcecode.c.objc; path = ViewController.m; sourceTree = "<group>"; };
		3CF3F9C01B719A250005EA3D /* Base */ = {isa = PBXFileReference; lastKnownFileType = file.storyboard; name = Base; path = Base.lproj/Main.storyboard; sourceTree = "<group>"; };
		3CF3F9C21B719A250005EA3D /* Images.xcassets */ = {isa = PBXFileReference; lastKnownFileType = folder.assetcatalog; path = Images.xcassets; sourceTree = "<group>"; };
		3CF3F9C51B719A250005EA3D /* Base */ = {isa = PBXFileReference; lastKnownFileType = file.xib; name = Base; path = Base.lproj/LaunchScreen.xib; sourceTree = "<group>"; };
		3CF3F9CB1B719A250005EA3D /* BasicTests.xctest */ = {isa = PBXFileReference; explicitFileType = wrapper.cfbundle; includeInIndex = 0; path = BasicTests.xctest; sourceTree = BUILT_PRODUCTS_DIR; };
		3CF3F9D01B719A250005EA3D /* Info.plist */ = {isa = PBXFileReference; lastKnownFileType = text.plist.xml; path = Info.plist; sourceTree = "<group>"; };
		3CF3F9D11B719A250005EA3D /* BasicTests.m */ = {isa = PBXFileReference; lastKnownFileType = sourcecode.c.objc; path = BasicTests.m; sourceTree = "<group>"; };
		3CF3F9DB1B719A470005EA3D /* LinkList.h */ = {isa = PBXFileReference; fileEncoding = 4; lastKnownFileType = sourcecode.c.h; path = LinkList.h; sourceTree = "<group>"; };
		3CF3F9DC1B719A470005EA3D /* LinkList.m */ = {isa = PBXFileReference; fileEncoding = 4; lastKnownFileType = sourcecode.c.objc; path = LinkList.m; sourceTree = "<group>"; };
/* End PBXFileReference section */

/* Begin PBXFrameworksBuildPhase section */
		3CF3F9AF1B719A250005EA3D /* Frameworks */ = {
			isa = PBXFrameworksBuildPhase;
			buildActionMask = 2147483647;
			files = (
			);
			runOnlyForDeploymentPostprocessing = 0;
		};
		3CF3F9C81B719A250005EA3D /* Frameworks */ = {
			isa = PBXFrameworksBuildPhase;
			buildActionMask = 2147483647;
			files = (
			);
			runOnlyForDeploymentPostprocessing = 0;
		};
/* End PBXFrameworksBuildPhase section */

/* Begin PBXGroup section */
		3CF3F9A91B719A250005EA3D = {
			isa = PBXGroup;
			children = (
				3CF3F9B41B719A250005EA3D /* Basic */,
				3CF3F9CE1B719A250005EA3D /* BasicTests */,
				3CF3F9B31B719A250005EA3D /* Products */,
			);
			sourceTree = "<group>";
		};
		3CF3F9B31B719A250005EA3D /* Products */ = {
			isa = PBXGroup;
			children = (
				3CF3F9B21B719A250005EA3D /* Basic.app */,
				3CF3F9CB1B719A250005EA3D /* BasicTests.xctest */,
			);
			name = Products;
			sourceTree = "<group>";
		};
		3CF3F9B41B719A250005EA3D /* Basic */ = {
			isa = PBXGroup;
			children = (
				3CF3F9B91B719A250005EA3D /* AppDelegate.h */,
				3CF3F9BA1B719A250005EA3D /* AppDelegate.m */,
				3CF3F9BC1B719A250005EA3D /* ViewController.h */,
				3CF3F9BD1B719A250005EA3D /* ViewController.m */,
				3CF3F9DB1B719A470005EA3D /* LinkList.h */,
				3CF3F9DC1B719A470005EA3D /* LinkList.m */,
				3CF3F9BF1B719A250005EA3D /* Main.storyboard */,
				3CF3F9C21B719A250005EA3D /* Images.xcassets */,
				3CF3F9C41B719A250005EA3D /* LaunchScreen.xib */,
				3CF3F9B51B719A250005EA3D /* Supporting Files */,
			);
			path = Basic;
			sourceTree = "<group>";
		};
		3CF3F9B51B719A250005EA3D /* Supporting Files */ = {
			isa = PBXGroup;
			children = (
				3CF3F9B61B719A250005EA3D /* Info.plist */,
				3CF3F9B71B719A250005EA3D /* main.m */,
			);
			name = "Supporting Files";
			sourceTree = "<group>";
		};
		3CF3F9CE1B719A250005EA3D /* BasicTests */ = {
			isa = PBXGroup;
			children = (
				3CF3F9D11B719A250005EA3D /* BasicTests.m */,
				3CF3F9CF1B719A250005EA3D /* Supporting Files */,
			);
			path = BasicTests;
			sourceTree = "<group>";
		};
		3CF3F9CF1B719A250005EA3D /* Supporting Files */ = {
			isa = PBXGroup;
			children = (
				3CF3F9D01B719A250005EA3D /* Info.plist */,
			);
			name = "Supporting Files";
			sourceTree = "<group>";
		};
/* End PBXGroup section */

/* Begin PBXNativeTarget section */
		3CF3F9B11B719A250005EA3D /* Basic */ = {
			isa = PBXNativeTarget;
			buildConfigurationList = 3CF3F9D51B719A250005EA3D /* Build configuration list for PBXNativeTarget "Basic" */;
			buildPhases = (
				3CF3F9AE1B719A250005EA3D /* Sources */,
				3CF3F9AF1B719A250005EA3D /* Frameworks */,
				3CF3F9B01B719A250005EA3D /* Resources */,
			);
			buildRules = (
			);
			dependencies = (
			);
			name = Basic;
			productName = Basic;
			productReference = 3CF3F9B21B719A250005EA3D /* Basic.app */;
			productType = "com.apple.product-type.application";
		};
		3CF3F9CA1B719A250005EA3D /* BasicTests */ = {
			isa = PBXNativeTarget;
			buildConfigurationList = 3CF3F9D81B719A250005EA3D /* Build configuration list for PBXNativeTarget "BasicTests" */;
			buildPhases = (
				3CF3F9C71B719A250005EA3D /* Sources */,
				3CF3F9C81B719A250005EA3D /* Frameworks */,
				3CF3F9C91B719A250005EA3D /* Resources */,
			);
			buildRules = (
			);
			dependencies = (
				3CF3F9CD1B719A250005EA3D /* PBXTargetDependency */,
			);
			name = BasicTests;
			productName = BasicTests;
			productReference = 3CF3F9CB1B719A250005EA3D /* BasicTests.xctest */;
			productType = "com.apple.product-type.bundle.unit-test";
		};
/* End PBXNativeTarget section */

/* Begin PBXProject section */
		3CF3F9AA1B719A250005EA3D /* Project object */ = {
			isa = PBXProject;
			attributes = {
				LastUpgradeCheck = 0640;
				TargetAttributes = {
					3CF3F9B11B719A250005EA3D = {
						CreatedOnToolsVersion = 6.4;
					};
					3CF3F9CA1B719A250005EA3D = {
						CreatedOnToolsVersion = 6.4;
						TestTargetID = 3CF3F9B11B719A250005EA3D;
					};
				};
			};
			buildConfigurationList = 3CF3F9AD1B719A250005EA3D /* Build configuration list for PBXProject "Basic" */;
			compatibilityVersion = "Xcode 3.2";
			developmentRegion = English;
			hasScannedForEncodings = 0;
			knownRegions = (
				en,
				Base,
			);
			mainGroup = 3CF3F9A91B719A250005EA3D;
			productRefGroup = 3CF3F9B31B719A250005EA3D /* Products */;
			projectDirPath = "";
			projectRoot = "";
			targets = (
				3CF3F9B11B719A250005EA3D /* Basic */,
				3CF3F9CA1B719A250005EA3D /* BasicTests */,
			);
		};
/* End PBXProject section */

/* Begin PBXResourcesBuildPhase section */
		3CF3F9B01B719A250005EA3D /* Resources */ = {
			isa = PBXResourcesBuildPhase;
			buildActionMask = 2147483647;
			files = (
				3CF3F9C11B719A250005EA3D /* Main.storyboard in Resources */,
				3CF3F9C61B719A250005EA3D /* LaunchScreen.xib in Resources */,
				3CF3F9C31B719A250005EA3D /* Images.xcassets in Resources */,
			);
			runOnlyForDeploymentPostprocessing = 0;
		};
		3CF3F9C91B719A250005EA3D /* Resources */ = {
			isa = PBXResourcesBuildPhase;
			buildActionMask = 2147483647;
			files = (
			);
			runOnlyForDeploymentPostprocessing = 0;
		};
/* End PBXResourcesBuildPhase section */

/* Begin PBXSourcesBuildPhase section */
		3CF3F9AE1B719A250005EA3D /* Sources */ = {
			isa = PBXSourcesBuildPhase;
			buildActionMask = 2147483647;
			files = (
				3CF3F9BE1B719A250005EA3D /* ViewController.m in Sources */,
				3CF3F9BB1B719A250005EA3D /* AppDelegate.m in Sources */,
				3CF3F9B81B719A250005EA3D /* main.m in Sources */,
				3CF3F9DD1B719A470005EA3D /* LinkList.m in Sources */,
			);
			runOnlyForDeploymentPostprocessing = 0;
		};
		3CF3F9C71B719A250005EA3D /* Sources */ = {
			isa = PBXSourcesBuildPhase;
			buildActionMask = 2147483647;
			files = (
				3CF3F9D21B719A250005EA3D /* BasicTests.m in Sources */,
			);
			runOnlyForDeploymentPostprocessing = 0;
		};
/* End PBXSourcesBuildPhase section */

/* Begin PBXTargetDependency section */
		3CF3F9CD1B719A250005EA3D /* PBXTargetDependency */ = {
			isa = PBXTargetDependency;
			target = 3CF3F9B11B719A250005EA3D /* Basic */;
			targetProxy = 3CF3F9CC1B719A250005EA3D /* PBXContainerItemProxy */;
		};
/* End PBXTargetDependency section */

/* Begin PBXVariantGroup section */
		3CF3F9BF1B719A250005EA3D /* Main.storyboard */ = {
			isa = PBXVariantGroup;
			children = (
				3CF3F9C01B719A250005EA3D /* Base */,
			);
			name = Main.storyboard;
			sourceTree = "<group>";
		};
		3CF3F9C41B719A250005EA3D /* LaunchScreen.xib */ = {
			isa = PBXVariantGroup;
			children = (
				3CF3F9C51B719A250005EA3D /* Base */,
			);
			name = LaunchScreen.xib;
			sourceTree = "<group>";
		};
/* End PBXVariantGroup section */

/* Begin XCBuildConfiguration section */
		3CF3F9D31B719A250005EA3D /* Debug */ = {
			isa = XCBuildConfiguration;
			buildSettings = {
				ALWAYS_SEARCH_USER_PATHS = NO;
				CLANG_CXX_LANGUAGE_STANDARD = "gnu++0x";
				CLANG_CXX_LIBRARY = "libc++";
				CLANG_ENABLE_MODULES = YES;
				CLANG_ENABLE_OBJC_ARC = YES;
				CLANG_WARN_BOOL_CONVERSION = YES;
				CLANG_WARN_CONSTANT_CONVERSION = YES;
				CLANG_WARN_DIRECT_OBJC_ISA_USAGE = YES_ERROR;
				CLANG_WARN_EMPTY_BODY = YES;
				CLANG_WARN_ENUM_CONVERSION = YES;
				CLANG_WARN_INT_CONVERSION = YES;
				CLANG_WARN_OBJC_ROOT_CLASS = YES_ERROR;
				CLANG_WARN_UNREACHABLE_CODE = YES;
				CLANG_WARN__DUPLICATE_METHOD_MATCH = YES;
				"CODE_SIGN_IDENTITY[sdk=iphoneos*]" = "iPhone Developer";
				COPY_PHASE_STRIP = NO;
				DEBUG_INFORMATION_FORMAT = "dwarf-with-dsym";
				ENABLE_STRICT_OBJC_MSGSEND = YES;
				GCC_C_LANGUAGE_STANDARD = gnu99;
				GCC_DYNAMIC_NO_PIC = NO;
				GCC_NO_COMMON_BLOCKS = YES;
				GCC_OPTIMIZATION_LEVEL = 0;
				GCC_PREPROCESSOR_DEFINITIONS = (
					"DEBUG=1",
					"$(inherited)",
				);
				GCC_SYMBOLS_PRIVATE_EXTERN = NO;
				GCC_WARN_64_TO_32_BIT_CONVERSION = YES;
				GCC_WARN_ABOUT_RETURN_TYPE = YES_ERROR;
				GCC_WARN_UNDECLARED_SELECTOR = YES;
				GCC_WARN_UNINITIALIZED_AUTOS = YES_AGGRESSIVE;
				GCC_WARN_UNUSED_FUNCTION = YES;
				GCC_WARN_UNUSED_VARIABLE = YES;
				IPHONEOS_DEPLOYMENT_TARGET = 8.4;
				MTL_ENABLE_DEBUG_INFO = YES;
				ONLY_ACTIVE_ARCH = YES;
				SDKROOT = iphoneos;
			};
			name = Debug;
		};
		3CF3F9D41B719A250005EA3D /* Release */ = {
			isa = XCBuildConfiguration;
			buildSettings = {
				ALWAYS_SEARCH_USER_PATHS = NO;
				CLANG_CXX_LANGUAGE_STANDARD = "gnu++0x";
				CLANG_CXX_LIBRARY = "libc++";
				CLANG_ENABLE_MODULES = YES;
				CLANG_ENABLE_OBJC_ARC = YES;
				CLANG_WARN_BOOL_CONVERSION = YES;
				CLANG_WARN_CONSTANT_CONVERSION = YES;
				CLANG_WARN_DIRECT_OBJC_ISA_USAGE = YES_ERROR;
				CLANG_WARN_EMPTY_BODY = YES;
				CLANG_WARN_ENUM_CONVERSION = YES;
				CLANG_WARN_INT_CONVERSION = YES;
				CLANG_WARN_OBJC_ROOT_CLASS = YES_ERROR;
				CLANG_WARN_UNREACHABLE_CODE = YES;
				CLANG_WARN__DUPLICATE_METHOD_MATCH = YES;
				"CODE_SIGN_IDENTITY[sdk=iphoneos*]" = "iPhone Developer";
				COPY_PHASE_STRIP = NO;
				DEBUG_INFORMATION_FORMAT = "dwarf-with-dsym";
				ENABLE_NS_ASSERTIONS = NO;
				ENABLE_STRICT_OBJC_MSGSEND = YES;
				GCC_C_LANGUAGE_STANDARD = gnu99;
				GCC_NO_COMMON_BLOCKS = YES;
				GCC_WARN_64_TO_32_BIT_CONVERSION = YES;
				GCC_WARN_ABOUT_RETURN_TYPE = YES_ERROR;
				GCC_WARN_UNDECLARED_SELECTOR = YES;
				GCC_WARN_UNINITIALIZED_AUTOS = YES_AGGRESSIVE;
				GCC_WARN_UNUSED_FUNCTION = YES;
				GCC_WARN_UNUSED_VARIABLE = YES;
				IPHONEOS_DEPLOYMENT_TARGET = 8.4;
				MTL_ENABLE_DEBUG_INFO = NO;
				SDKROOT = iphoneos;
				VALIDATE_PRODUCT = YES;
			};
			name = Release;
		};
		3CF3F9D61B719A250005EA3D /* Debug */ = {
			isa = XCBuildConfiguration;
			buildSettings = {
				ASSETCATALOG_COMPILER_APPICON_NAME = AppIcon;
				INFOPLIST_FILE = Basic/Info.plist;
				LD_RUNPATH_SEARCH_PATHS = "$(inherited) @executable_path/Frameworks";
				PRODUCT_NAME = "$(TARGET_NAME)";
			};
			name = Debug;
		};
		3CF3F9D71B719A250005EA3D /* Release */ = {
			isa = XCBuildConfiguration;
			buildSettings = {
				ASSETCATALOG_COMPILER_APPICON_NAME = AppIcon;
				INFOPLIST_FILE = Basic/Info.plist;
				LD_RUNPATH_SEARCH_PATHS = "$(inherited) @executable_path/Frameworks";
				PRODUCT_NAME = "$(TARGET_NAME)";
			};
			name = Release;
		};
		3CF3F9D91B719A250005EA3D /* Debug */ = {
			isa = XCBuildConfiguration;
			buildSettings = {
				BUNDLE_LOADER = "$(TEST_HOST)";
				FRAMEWORK_SEARCH_PATHS = (
					"$(SDKROOT)/Developer/Library/Frameworks",
					"$(inherited)",
				);
				GCC_PREPROCESSOR_DEFINITIONS = (
					"DEBUG=1",
					"$(inherited)",
				);
				INFOPLIST_FILE = BasicTests/Info.plist;
				LD_RUNPATH_SEARCH_PATHS = "$(inherited) @executable_path/Frameworks @loader_path/Frameworks";
				PRODUCT_NAME = "$(TARGET_NAME)";
				TEST_HOST = "$(BUILT_PRODUCTS_DIR)/Basic.app/Basic";
			};
			name = Debug;
		};
		3CF3F9DA1B719A250005EA3D /* Release */ = {
			isa = XCBuildConfiguration;
			buildSettings = {
				BUNDLE_LOADER = "$(TEST_HOST)";
				FRAMEWORK_SEARCH_PATHS = (
					"$(SDKROOT)/Developer/Library/Frameworks",
					"$(inherited)",
				);
				INFOPLIST_FILE = BasicTests/Info.plist;
				LD_RUNPATH_SEARCH_PATHS = "$(inherited) @executable_path/Frameworks @loader_path/Frameworks";
				PRODUCT_NAME = "$(TARGET_NAME)";
				TEST_HOST = "$(BUILT_PRODUCTS_DIR)/Basic.app/Basic";
			};
			name = Release;
		};
/* End XCBuildConfiguration section */

/* Begin XCConfigurationList section */
		3CF3F9AD1B719A250005EA3D /* Build configuration list for PBXProject "Basic" */ = {
			isa = XCConfigurationList;
			buildConfigurations = (
				3CF3F9D31B719A250005EA3D /* Debug */,
				3CF3F9D41B719A250005EA3D /* Release */,
			);
			defaultConfigurationIsVisible = 0;
			defaultConfigurationName = Release;
		};
		3CF3F9D51B719A250005EA3D /* Build configuration list for PBXNativeTarget "Basic" */ = {
			isa = XCConfigurationList;
			buildConfigurations = (
				3CF3F9D61B719A250005EA3D /* Debug */,
				3CF3F9D71B719A250005EA3D /* Release */,
			);
			defaultConfigurationIsVisible = 0;
		};
		3CF3F9D81B719A250005EA3D /* Build configuration list for PBXNativeTarget "BasicTests" */ = {
			isa = XCConfigurationList;
			buildConfigurations = (
				3CF3F9D91B719A250005EA3D /* Debug */,
				3CF3F9DA1B719A250005EA3D /* Release */,
			);
			defaultConfigurationIsVisible = 0;
		};
/* End XCConfigurationList section */
	};
	rootObject = 3CF3F9AA1B719A250005EA3D /* Project object */;
}
